# This file is automatically @generated by Cargo.
# It is not intended for manual editing.
[[package]]
name = "anyhow"
version = "1.0.38"
source = "registry+https://github.com/rust-lang/crates.io-index"
checksum = "afddf7f520a80dbf76e6f50a35bca42a2331ef227a28b3b6dc5c2e2338d114b1"

[[package]]
name = "mhrice"
version = "0.1.0"
dependencies = [
 "anyhow",
 "murmur3",
]

[[package]]
name = "murmur3"
version = "0.5.1"
source = "registry+https://github.com/rust-lang/crates.io-index"
checksum = "3ead5388e485d38e622630c6b05afd3761a6701ff15c55b279ea5b31dcb62cff"
